
Microsoft Visual Studio Solution File, Format Version 12.00
# Visual Studio Version 16
VisualStudioVersion = 16.0.31424.327
MinimumVisualStudioVersion = 10.0.40219.1
Project("{FAE04EC0-301F-11D3-BF4B-00C04F79EFBC}") = "WebApplication1", "WebApplication1.csproj", "{9C33939F-4F32-4692-9B84-4B3D1AC633D4}"
EndProject
Global
	GlobalSection(SolutionConfigurationPlatforms) = preSolution
		Debug|Any CPU = Debug|Any CPU
		Release|Any CPU = Release|Any CPU
	EndGlobalSection
	GlobalSection(ProjectConfigurationPlatforms) = postSolution
		{9C33939F-4F32-4692-9B84-4B3D1AC633D4}.Debug|Any CPU.ActiveCfg = Debug|Any CPU
		{9C33939F-4F32-4692-9B84-4B3D1AC633D4}.Debug|Any CPU.Build.0 = Debug|Any CPU
		{9C33939F-4F32-4692-9B84-4B3D1AC633D4}.Release|Any CPU.ActiveCfg = Release|Any CPU
		{9C33939F-4F32-4692-9B84-4B3D1AC633D4}.Release|Any CPU.Build.0 = Release|Any CPU
	EndGlobalSection
	GlobalSection(SolutionProperties) = preSolution
		HideSolutionNode = FALSE
	EndGlobalSection
	GlobalSection(ExtensibilityGlobals) = postSolution
		SolutionGuid = {62FD2755-035C-4A2A-B875-8F73361D7843}
	EndGlobalSection
EndGlobal
